
Microsoft Visual Studio Solution File, Format Version 12.00
# Visual Studio Version 17
VisualStudioVersion = 17.4.33205.214
MinimumVisualStudioVersion = 10.0.40219.1
Project("{9A19103F-16F7-4668-BE54-9A1E7A4F7556}") = "Listener01", "..\Listerner01\Listener01.csproj", "{ED536C8F-8AED-4FE4-A182-C57C7B70737A}"
EndProject
Project("{9A19103F-16F7-4668-BE54-9A1E7A4F7556}") = "WebApplication1", "..\WebApplication1\WebApplication1.csproj", "{9C05003E-3372-46CD-8715-886E005574A2}"
EndProject
Project("{FAE04EC0-301F-11D3-BF4B-00C04F79EFBC}") = "Listener03", "Listener03\Listener03.csproj", "{B7D0E478-4422-442C-93B2-926B07907F54}"
EndProject
Global
	GlobalSection(SolutionConfigurationPlatforms) = preSolution
		Debug|Any CPU = Debug|Any CPU
		Release|Any CPU = Release|Any CPU
	EndGlobalSection
	GlobalSection(ProjectConfigurationPlatforms) = postSolution
		{ED536C8F-8AED-4FE4-A182-C57C7B70737A}.Debug|Any CPU.ActiveCfg = Debug|Any CPU
		{ED536C8F-8AED-4FE4-A182-C57C7B70737A}.Debug|Any CPU.Build.0 = Debug|Any CPU
		{ED536C8F-8AED-4FE4-A182-C57C7B70737A}.Release|Any CPU.ActiveCfg = Release|Any CPU
		{ED536C8F-8AED-4FE4-A182-C57C7B70737A}.Release|Any CPU.Build.0 = Release|Any CPU
		{9C05003E-3372-46CD-8715-886E005574A2}.Debug|Any CPU.ActiveCfg = Debug|Any CPU
		{9C05003E-3372-46CD-8715-886E005574A2}.Debug|Any CPU.Build.0 = Debug|Any CPU
		{9C05003E-3372-46CD-8715-886E005574A2}.Release|Any CPU.ActiveCfg = Release|Any CPU
		{9C05003E-3372-46CD-8715-886E005574A2}.Release|Any CPU.Build.0 = Release|Any CPU
		{B7D0E478-4422-442C-93B2-926B07907F54}.Debug|Any CPU.ActiveCfg = Debug|Any CPU
		{B7D0E478-4422-442C-93B2-926B07907F54}.Debug|Any CPU.Build.0 = Debug|Any CPU
		{B7D0E478-4422-442C-93B2-926B07907F54}.Release|Any CPU.ActiveCfg = Release|Any CPU
		{B7D0E478-4422-442C-93B2-926B07907F54}.Release|Any CPU.Build.0 = Release|Any CPU
	EndGlobalSection
	GlobalSection(SolutionProperties) = preSolution
		HideSolutionNode = FALSE
	EndGlobalSection
	GlobalSection(ExtensibilityGlobals) = postSolution
		SolutionGuid = {7A0718A7-EE9F-498A-BBB4-373C83673D70}
	EndGlobalSection
EndGlobal
